
Microsoft Visual Studio Solution File, Format Version 12.00
# Visual Studio 15
VisualStudioVersion = 15.0.27004.2002
MinimumVisualStudioVersion = 10.0.40219.1
Project("{FAE04EC0-301F-11D3-BF4B-00C04F79EFBC}") = "Portalworkers.FFImageLoading.NetIos", "source\Portalworkers.FFImageLoading.NetIos\Portalworkers.FFImageLoading.NetIos.csproj", "{D3113F0C-27B3-410C-B5C3-4AD906DDD479}"
EndProject
Project("{FAE04EC0-301F-11D3-BF4B-00C04F79EFBC}") = "Portalworkers.FFImageLoading.NetIos.Sample", "source\Portalworkers.FFImageLoading.NetIos.Sample\Portalworkers.FFImageLoading.NetIos.Sample.csproj", "{7EE45EE1-8891-436C-9D72-B7394D104BF4}"
EndProject
Global
	GlobalSection(SharedMSBuildProjectFiles) = preSolution
		source\FFImageLoading.Cross\FFImageLoading.Cross.projitems*{1597f7d4-432c-4f26-b508-0f6faf0b9711}*SharedItemsImports = 4
		source\FFImageLoading.Shared\FFImageLoading.Shared.projitems*{1597f7d4-432c-4f26-b508-0f6faf0b9711}*SharedItemsImports = 4
		source\FFImageLoading.Shared.IosMac\FFImageLoading.Shared.IosMac.projitems*{26f4db3b-ec7f-46de-8d51-2cb4ba187a16}*SharedItemsImports = 13
		source\FFImageLoading.Cross\FFImageLoading.Cross.projitems*{3c58b37d-edb7-4778-aa48-f3ad9a571059}*SharedItemsImports = 13
		source\FFImageLoading.Svg.Forms.Shared\FFImageLoading.Svg.Forms.Shared.projitems*{3f817bad-edfb-44e3-a9ef-1fded55ed787}*SharedItemsImports = 13
		source\FFImageLoading.Svg.Shared\FFImageLoading.Svg.Shared.projitems*{488664fa-5bc5-4868-9fc4-44db7294ec5a}*SharedItemsImports = 13
		source\FFImageLoading.Svg.Shared\FFImageLoading.Svg.Shared.projitems*{5140739d-209c-41a7-9503-5d5733f4c091}*SharedItemsImports = 4
		source\FFImageLoading.Cross.Svg\FFImageLoading.Cross.Svg.projitems*{60678181-1544-4276-9b2a-6239c1046ea5}*SharedItemsImports = 13
		source\FFImageLoading.Svg.Forms.Shared\FFImageLoading.Svg.Forms.Shared.projitems*{6d4f9dfa-012e-4966-a6e8-01c3464b537e}*SharedItemsImports = 4
		source\FFImageLoading.Cross\FFImageLoading.Cross.projitems*{74bf9402-3e13-4003-8923-bc20a1294ce2}*SharedItemsImports = 4
		source\FFImageLoading.Shared\FFImageLoading.Shared.projitems*{74bf9402-3e13-4003-8923-bc20a1294ce2}*SharedItemsImports = 4
		source\FFImageLoading.Shared\FFImageLoading.Shared.projitems*{e72ac4ed-03a8-465c-95a2-38b0544b37db}*SharedItemsImports = 13
	EndGlobalSection
	GlobalSection(SolutionConfigurationPlatforms) = preSolution
		Debug|Any CPU = Debug|Any CPU
		Debug|ARM = Debug|ARM
		Debug|iPhone = Debug|iPhone
		Debug|iPhoneSimulator = Debug|iPhoneSimulator
		Debug|x64 = Debug|x64
		Debug|x86 = Debug|x86
		Release|Any CPU = Release|Any CPU
		Release|ARM = Release|ARM
		Release|iPhone = Release|iPhone
		Release|iPhoneSimulator = Release|iPhoneSimulator
		Release|x64 = Release|x64
		Release|x86 = Release|x86
	EndGlobalSection
	GlobalSection(ProjectConfigurationPlatforms) = postSolution
		{D3113F0C-27B3-410C-B5C3-4AD906DDD479}.Debug|Any CPU.ActiveCfg = Debug|Any CPU
		{D3113F0C-27B3-410C-B5C3-4AD906DDD479}.Debug|Any CPU.Build.0 = Debug|Any CPU
		{D3113F0C-27B3-410C-B5C3-4AD906DDD479}.Debug|ARM.ActiveCfg = Debug|Any CPU
		{D3113F0C-27B3-410C-B5C3-4AD906DDD479}.Debug|ARM.Build.0 = Debug|Any CPU
		{D3113F0C-27B3-410C-B5C3-4AD906DDD479}.Debug|iPhone.ActiveCfg = Debug|Any CPU
		{D3113F0C-27B3-410C-B5C3-4AD906DDD479}.Debug|iPhone.Build.0 = Debug|Any CPU
		{D3113F0C-27B3-410C-B5C3-4AD906DDD479}.Debug|iPhoneSimulator.ActiveCfg = Debug|Any CPU
		{D3113F0C-27B3-410C-B5C3-4AD906DDD479}.Debug|iPhoneSimulator.Build.0 = Debug|Any CPU
		{D3113F0C-27B3-410C-B5C3-4AD906DDD479}.Debug|x64.ActiveCfg = Debug|Any CPU
		{D3113F0C-27B3-410C-B5C3-4AD906DDD479}.Debug|x64.Build.0 = Debug|Any CPU
		{D3113F0C-27B3-410C-B5C3-4AD906DDD479}.Debug|x86.ActiveCfg = Debug|Any CPU
		{D3113F0C-27B3-410C-B5C3-4AD906DDD479}.Debug|x86.Build.0 = Debug|Any CPU
		{D3113F0C-27B3-410C-B5C3-4AD906DDD479}.Release|Any CPU.ActiveCfg = Release|Any CPU
		{D3113F0C-27B3-410C-B5C3-4AD906DDD479}.Release|Any CPU.Build.0 = Release|Any CPU
		{D3113F0C-27B3-410C-B5C3-4AD906DDD479}.Release|ARM.ActiveCfg = Release|Any CPU
		{D3113F0C-27B3-410C-B5C3-4AD906DDD479}.Release|ARM.Build.0 = Release|Any CPU
		{D3113F0C-27B3-410C-B5C3-4AD906DDD479}.Release|iPhone.ActiveCfg = Release|Any CPU
		{D3113F0C-27B3-410C-B5C3-4AD906DDD479}.Release|iPhone.Build.0 = Release|Any CPU
		{D3113F0C-27B3-410C-B5C3-4AD906DDD479}.Release|iPhoneSimulator.ActiveCfg = Release|Any CPU
		{D3113F0C-27B3-410C-B5C3-4AD906DDD479}.Release|iPhoneSimulator.Build.0 = Release|Any CPU
		{D3113F0C-27B3-410C-B5C3-4AD906DDD479}.Release|x64.ActiveCfg = Release|Any CPU
		{D3113F0C-27B3-410C-B5C3-4AD906DDD479}.Release|x64.Build.0 = Release|Any CPU
		{D3113F0C-27B3-410C-B5C3-4AD906DDD479}.Release|x86.ActiveCfg = Release|Any CPU
		{D3113F0C-27B3-410C-B5C3-4AD906DDD479}.Release|x86.Build.0 = Release|Any CPU
		{7EE45EE1-8891-436C-9D72-B7394D104BF4}.Debug|Any CPU.ActiveCfg = Debug|Any CPU
		{7EE45EE1-8891-436C-9D72-B7394D104BF4}.Debug|Any CPU.Build.0 = Debug|Any CPU
		{7EE45EE1-8891-436C-9D72-B7394D104BF4}.Debug|ARM.ActiveCfg = Debug|Any CPU
		{7EE45EE1-8891-436C-9D72-B7394D104BF4}.Debug|ARM.Build.0 = Debug|Any CPU
		{7EE45EE1-8891-436C-9D72-B7394D104BF4}.Debug|iPhone.ActiveCfg = Debug|Any CPU
		{7EE45EE1-8891-436C-9D72-B7394D104BF4}.Debug|iPhone.Build.0 = Debug|Any CPU
		{7EE45EE1-8891-436C-9D72-B7394D104BF4}.Debug|iPhoneSimulator.ActiveCfg = Debug|Any CPU
		{7EE45EE1-8891-436C-9D72-B7394D104BF4}.Debug|iPhoneSimulator.Build.0 = Debug|Any CPU
		{7EE45EE1-8891-436C-9D72-B7394D104BF4}.Debug|x64.ActiveCfg = Debug|Any CPU
		{7EE45EE1-8891-436C-9D72-B7394D104BF4}.Debug|x64.Build.0 = Debug|Any CPU
		{7EE45EE1-8891-436C-9D72-B7394D104BF4}.Debug|x86.ActiveCfg = Debug|Any CPU
		{7EE45EE1-8891-436C-9D72-B7394D104BF4}.Debug|x86.Build.0 = Debug|Any CPU
		{7EE45EE1-8891-436C-9D72-B7394D104BF4}.Release|Any CPU.ActiveCfg = Release|Any CPU
		{7EE45EE1-8891-436C-9D72-B7394D104BF4}.Release|Any CPU.Build.0 = Release|Any CPU
		{7EE45EE1-8891-436C-9D72-B7394D104BF4}.Release|ARM.ActiveCfg = Release|Any CPU
		{7EE45EE1-8891-436C-9D72-B7394D104BF4}.Release|ARM.Build.0 = Release|Any CPU
		{7EE45EE1-8891-436C-9D72-B7394D104BF4}.Release|iPhone.ActiveCfg = Release|Any CPU
		{7EE45EE1-8891-436C-9D72-B7394D104BF4}.Release|iPhone.Build.0 = Release|Any CPU
		{7EE45EE1-8891-436C-9D72-B7394D104BF4}.Release|iPhoneSimulator.ActiveCfg = Release|Any CPU
		{7EE45EE1-8891-436C-9D72-B7394D104BF4}.Release|iPhoneSimulator.Build.0 = Release|Any CPU
		{7EE45EE1-8891-436C-9D72-B7394D104BF4}.Release|x64.ActiveCfg = Release|Any CPU
		{7EE45EE1-8891-436C-9D72-B7394D104BF4}.Release|x64.Build.0 = Release|Any CPU
		{7EE45EE1-8891-436C-9D72-B7394D104BF4}.Release|x86.ActiveCfg = Release|Any CPU
		{7EE45EE1-8891-436C-9D72-B7394D104BF4}.Release|x86.Build.0 = Release|Any CPU
	EndGlobalSection
	GlobalSection(SolutionProperties) = preSolution
		HideSolutionNode = FALSE
	EndGlobalSection
	GlobalSection(NestedProjects) = preSolution
	EndGlobalSection
	GlobalSection(ExtensibilityGlobals) = postSolution
		SolutionGuid = {4BF56189-8DC5-41A9-9440-3C7B9F57E151}
	EndGlobalSection
EndGlobal
